
Microsoft Visual Studio Solution File, Format Version 12.00
# Visual Studio Version 17
VisualStudioVersion = 17.13.35931.197
MinimumVisualStudioVersion = 10.0.40219.1
Project("{FAE04EC0-301F-11D3-BF4B-00C04F79EFBC}") = "Entity", "Entity\Entity.csproj", "{E095DE6A-2266-4B9D-9A73-E06BB5C038E3}"
EndProject
Project("{FAE04EC0-301F-11D3-BF4B-00C04F79EFBC}") = "Dal", "Dal\Dal.csproj", "{EAB2D675-B01B-4BD4-8C30-56FAAC34C2F6}"
EndProject
Project("{FAE04EC0-301F-11D3-BF4B-00C04F79EFBC}") = "Bll", "Bll\Bll.csproj", "{8141D861-6280-44B0-BAFB-C60985B738B4}"
EndProject
Project("{FAE04EC0-301F-11D3-BF4B-00C04F79EFBC}") = "GUI", "Visual\GUI.csproj", "{99718925-9E23-4A6F-9398-A2323DF379AF}"
EndProject
Project("{FAE04EC0-301F-11D3-BF4B-00C04F79EFBC}") = "DAL_TXT", "DAL_TXT\DAL_TXT.csproj", "{27C10886-2237-4A8A-9505-0D0A120F227D}"
EndProject
Global
	GlobalSection(SolutionConfigurationPlatforms) = preSolution
		Debug|Any CPU = Debug|Any CPU
		Release|Any CPU = Release|Any CPU
	EndGlobalSection
	GlobalSection(ProjectConfigurationPlatforms) = postSolution
		{E095DE6A-2266-4B9D-9A73-E06BB5C038E3}.Debug|Any CPU.ActiveCfg = Debug|Any CPU
		{E095DE6A-2266-4B9D-9A73-E06BB5C038E3}.Debug|Any CPU.Build.0 = Debug|Any CPU
		{E095DE6A-2266-4B9D-9A73-E06BB5C038E3}.Release|Any CPU.ActiveCfg = Release|Any CPU
		{E095DE6A-2266-4B9D-9A73-E06BB5C038E3}.Release|Any CPU.Build.0 = Release|Any CPU
		{EAB2D675-B01B-4BD4-8C30-56FAAC34C2F6}.Debug|Any CPU.ActiveCfg = Debug|Any CPU
		{EAB2D675-B01B-4BD4-8C30-56FAAC34C2F6}.Debug|Any CPU.Build.0 = Debug|Any CPU
		{EAB2D675-B01B-4BD4-8C30-56FAAC34C2F6}.Release|Any CPU.ActiveCfg = Release|Any CPU
		{EAB2D675-B01B-4BD4-8C30-56FAAC34C2F6}.Release|Any CPU.Build.0 = Release|Any CPU
		{8141D861-6280-44B0-BAFB-C60985B738B4}.Debug|Any CPU.ActiveCfg = Debug|Any CPU
		{8141D861-6280-44B0-BAFB-C60985B738B4}.Debug|Any CPU.Build.0 = Debug|Any CPU
		{8141D861-6280-44B0-BAFB-C60985B738B4}.Release|Any CPU.ActiveCfg = Release|Any CPU
		{8141D861-6280-44B0-BAFB-C60985B738B4}.Release|Any CPU.Build.0 = Release|Any CPU
		{99718925-9E23-4A6F-9398-A2323DF379AF}.Debug|Any CPU.ActiveCfg = Debug|Any CPU
		{99718925-9E23-4A6F-9398-A2323DF379AF}.Debug|Any CPU.Build.0 = Debug|Any CPU
		{99718925-9E23-4A6F-9398-A2323DF379AF}.Release|Any CPU.ActiveCfg = Release|Any CPU
		{99718925-9E23-4A6F-9398-A2323DF379AF}.Release|Any CPU.Build.0 = Release|Any CPU
		{27C10886-2237-4A8A-9505-0D0A120F227D}.Debug|Any CPU.ActiveCfg = Debug|Any CPU
		{27C10886-2237-4A8A-9505-0D0A120F227D}.Debug|Any CPU.Build.0 = Debug|Any CPU
		{27C10886-2237-4A8A-9505-0D0A120F227D}.Release|Any CPU.ActiveCfg = Release|Any CPU
		{27C10886-2237-4A8A-9505-0D0A120F227D}.Release|Any CPU.Build.0 = Release|Any CPU
	EndGlobalSection
	GlobalSection(SolutionProperties) = preSolution
		HideSolutionNode = FALSE
	EndGlobalSection
	GlobalSection(ExtensibilityGlobals) = postSolution
		SolutionGuid = {CB505096-6CD5-497D-A073-4A27290DF8B8}
	EndGlobalSection
EndGlobal
